{
  "name": "zero-infinity-sdk-consumer-fixture",
  "lockfileVersion": 3,
  "requires": true,
  "packages": {
    "": {
      "name": "zero-infinity-sdk-consumer-fixture",
      "dependencies": {
        "0-infinity": "file:../.."
      }
    },
    "../..": {
      "name": "0-infinity",
      "version": "0.1.0",
      "devDependencies": {
        "@types/node": "^22.0.0",
        "typescript": "^5.9.0"
      }
    },
    "node_modules/0-infinity": {
      "resolved": "../..",
      "link": true
    }
  }
}
